
Microsoft Visual Studio Solution File, Format Version 12.00
# Visual Studio Version 17
VisualStudioVersion = 17.10.35004.147
MinimumVisualStudioVersion = 10.0.40219.1
Project("{9A19103F-16F7-4668-BE54-9A1E7A4F7556}") = "albums-api", "albums-api.csproj", "{E674B51B-6CD5-4B8A-8A89-9E2D52F041BE}"
EndProject
Project("{FAE04EC0-301F-11D3-BF4B-00C04F79EFBC}") = "AlbumTest", "..\AlbumTest\AlbumTest.csproj", "{B42E3AA1-9A56-42CC-BDAA-25A968A8F8EE}"
EndProject
Global
	GlobalSection(SolutionConfigurationPlatforms) = preSolution
		Debug|Any CPU = Debug|Any CPU
		Release|Any CPU = Release|Any CPU
	EndGlobalSection
	GlobalSection(ProjectConfigurationPlatforms) = postSolution
		{E674B51B-6CD5-4B8A-8A89-9E2D52F041BE}.Debug|Any CPU.ActiveCfg = Debug|Any CPU
		{E674B51B-6CD5-4B8A-8A89-9E2D52F041BE}.Debug|Any CPU.Build.0 = Debug|Any CPU
		{E674B51B-6CD5-4B8A-8A89-9E2D52F041BE}.Release|Any CPU.ActiveCfg = Release|Any CPU
		{E674B51B-6CD5-4B8A-8A89-9E2D52F041BE}.Release|Any CPU.Build.0 = Release|Any CPU
		{B42E3AA1-9A56-42CC-BDAA-25A968A8F8EE}.Debug|Any CPU.ActiveCfg = Debug|Any CPU
		{B42E3AA1-9A56-42CC-BDAA-25A968A8F8EE}.Debug|Any CPU.Build.0 = Debug|Any CPU
		{B42E3AA1-9A56-42CC-BDAA-25A968A8F8EE}.Release|Any CPU.ActiveCfg = Release|Any CPU
		{B42E3AA1-9A56-42CC-BDAA-25A968A8F8EE}.Release|Any CPU.Build.0 = Release|Any CPU
	EndGlobalSection
	GlobalSection(SolutionProperties) = preSolution
		HideSolutionNode = FALSE
	EndGlobalSection
	GlobalSection(ExtensibilityGlobals) = postSolution
		SolutionGuid = {5E89D49C-9E6B-43AB-92F7-048FCEA3CEC4}
	EndGlobalSection
EndGlobal
